dependencies:
- name: redis
  repository: https://charts.bitnami.com/bitnami
  version: 28.0.15
- name: postgresql
  repository: https://charts.bitnami.com/bitnami
  version: 18.10.0
- name: minio
  repository: https://charts.min.io/
  version: 5.4.0
digest: sha256:fe38e2f813fc987c8f09c917f7a650ed8b2b1940168f891a98fd44df9b45567c
generated: "2026-09-09T02:49:43.932778273Z"
